
Microsoft Visual Studio Solution File, Format Version 12.00
# Visual Studio Version 17
VisualStudioVersion = 17.5.002.0
MinimumVisualStudioVersion = 10.0.40219.1
Project("{9A19103F-16F7-4668-BE54-9A1E7A4F7556}") = "CSharp Practice", "CSharp Practice.csproj", "{83666EB4-A3AB-4DF6-BA66-72395F246941}"
EndProject
Global
	GlobalSection(SolutionConfigurationPlatforms) = preSolution
		Debug|Any CPU = Debug|Any CPU
		Release|Any CPU = Release|Any CPU
	EndGlobalSection
	GlobalSection(ProjectConfigurationPlatforms) = postSolution
		{83666EB4-A3AB-4DF6-BA66-72395F246941}.Debug|Any CPU.ActiveCfg = Debug|Any CPU
		{83666EB4-A3AB-4DF6-BA66-72395F246941}.Debug|Any CPU.Build.0 = Debug|Any CPU
		{83666EB4-A3AB-4DF6-BA66-72395F246941}.Release|Any CPU.ActiveCfg = Release|Any CPU
		{83666EB4-A3AB-4DF6-BA66-72395F246941}.Release|Any CPU.Build.0 = Release|Any CPU
	EndGlobalSection
	GlobalSection(SolutionProperties) = preSolution
		HideSolutionNode = FALSE
	EndGlobalSection
	GlobalSection(ExtensibilityGlobals) = postSolution
		SolutionGuid = {0272F68F-5FAC-495A-AFBC-351FA30F8994}
	EndGlobalSection
EndGlobal
